// !$*UTF8*$!
{
	archiveVersion = 1;
	classes = {
	};
	objectVersion = 55;
	objects = {

/* Begin PBXBuildFile section */
		1C598E1D1EC05F4AD2063F25 /* Pods_HomeWork_Api.framework in Frameworks */ = {isa = PBXBuildFile; fileRef = 3CCD0E8F9DFF069526B03883 /* Pods_HomeWork_Api.framework */; };
		6D4102FB288FEAFB007C3043 /* PhimCell.swift in Sources */ = {isa = PBXBuildFile; fileRef = 6D4102F9288FEAFB007C3043 /* PhimCell.swift */; };
		6D4102FC288FEAFB007C3043 /* PhimCell.xib in Resources */ = {isa = PBXBuildFile; fileRef = 6D4102FA288FEAFB007C3043 /* PhimCell.xib */; };
		6D4102FE288FF36E007C3043 /* Phim.swift in Sources */ = {isa = PBXBuildFile; fileRef = 6D4102FD288FF36E007C3043 /* Phim.swift */; };
		6D4103072890129E007C3043 /* DetailViewController.swift in Sources */ = {isa = PBXBuildFile; fileRef = 6D4103052890129E007C3043 /* DetailViewController.swift */; };
		6D4103082890129E007C3043 /* DetailViewController.xib in Resources */ = {isa = PBXBuildFile; fileRef = 6D4103062890129E007C3043 /* DetailViewController.xib */; };
		6D6B9ED5288FDB5200C5B51F /* AppDelegate.swift in Sources */ = {isa = PBXBuildFile; fileRef = 6D6B9ED4288FDB5200C5B51F /* AppDelegate.swift */; };
		6D6B9ED7288FDB5200C5B51F /* SceneDelegate.swift in Sources */ = {isa = PBXBuildFile; fileRef = 6D6B9ED6288FDB5200C5B51F /* SceneDelegate.swift */; };
		6D6B9EDE288FDB5300C5B51F /* Assets.xcassets in Resources */ = {isa = PBXBuildFile; fileRef = 6D6B9EDD288FDB5300C5B51F /* Assets.xcassets */; };
		6D6B9EE1288FDB5300C5B51F /* LaunchScreen.storyboard in Resources */ = {isa = PBXBuildFile; fileRef = 6D6B9EDF288FDB5300C5B51F /* LaunchScreen.storyboard */; };
		6D6B9EEA288FDB8B00C5B51F /* HomeViewController.swift in Sources */ = {isa = PBXBuildFile; fileRef = 6D6B9EE8288FDB8B00C5B51F /* HomeViewController.swift */; };
		6D6B9EEB288FDB8B00C5B51F /* HomeViewController.xib in Resources */ = {isa = PBXBuildFile; fileRef = 6D6B9EE9288FDB8B00C5B51F /* HomeViewController.xib */; };
		6D6B9EED288FDE6200C5B51F /* Extension.swift in Sources */ = {isa = PBXBuildFile; fileRef = 6D6B9EEC288FDE6200C5B51F /* Extension.swift */; };
/* End PBXBuildFile section */

/* Begin PBXFileReference section */
		3CCD0E8F9DFF069526B03883 /* Pods_HomeWork_Api.framework */ = {isa = PBXFileReference; explicitFileType = wrapper.framework; includeInIndex = 0; path = Pods_HomeWork_Api.framework; sourceTree = BUILT_PRODUCTS_DIR; };
		4F890302FFBA8FACC492084B /* Pods-HomeWork Api.debug.xcconfig */ = {isa = PBXFileReference; includeInIndex = 1; lastKnownFileType = text.xcconfig; name = "Pods-HomeWork Api.debug.xcconfig"; path = "Target Support Files/Pods-HomeWork Api/Pods-HomeWork Api.debug.xcconfig"; sourceTree = "<group>"; };
		6D4102F9288FEAFB007C3043 /* PhimCell.swift */ = {isa = PBXFileReference; lastKnownFileType = sourcecode.swift; path = PhimCell.swift; sourceTree = "<group>"; };
		6D4102FA288FEAFB007C3043 /* PhimCell.xib */ = {isa = PBXFileReference; lastKnownFileType = file.xib; path = PhimCell.xib; sourceTree = "<group>"; };
		6D4102FD288FF36E007C3043 /* Phim.swift */ = {isa = PBXFileReference; lastKnownFileType = sourcecode.swift; path = Phim.swift; sourceTree = "<group>"; };
		6D4103052890129E007C3043 /* DetailViewController.swift */ = {isa = PBXFileReference; lastKnownFileType = sourcecode.swift; path = DetailViewController.swift; sourceTree = "<group>"; };
		6D4103062890129E007C3043 /* DetailViewController.xib */ = {isa = PBXFileReference; lastKnownFileType = file.xib; path = DetailViewController.xib; sourceTree = "<group>"; };
		6D6B9ED1288FDB5200C5B51F /* HomeWork Api.app */ = {isa = PBXFileReference; explicitFileType = wrapper.application; includeInIndex = 0; path = "HomeWork Api.app"; sourceTree = BUILT_PRODUCTS_DIR; };
		6D6B9ED4288FDB5200C5B51F /* AppDelegate.swift */ = {isa = PBXFileReference; lastKnownFileType = sourcecode.swift; path = AppDelegate.swift; sourceTree = "<group>"; };
		6D6B9ED6288FDB5200C5B51F /* SceneDelegate.swift */ = {isa = PBXFileReference; lastKnownFileType = sourcecode.swift; path = SceneDelegate.swift; sourceTree = "<group>"; };
		6D6B9EDD288FDB5300C5B51F /* Assets.xcassets */ = {isa = PBXFileReference; lastKnownFileType = folder.assetcatalog; path = Assets.xcassets; sourceTree = "<group>"; };
		6D6B9EE0288FDB5300C5B51F /* Base */ = {isa = PBXFileReference; lastKnownFileType = file.storyboard; name = Base; path = Base.lproj/LaunchScreen.storyboard; sourceTree = "<group>"; };
		6D6B9EE2288FDB5300C5B51F /* Info.plist */ = {isa = PBXFileReference; lastKnownFileType = text.plist.xml; path = Info.plist; sourceTree = "<group>"; };
		6D6B9EE8288FDB8B00C5B51F /* HomeViewController.swift */ = {isa = PBXFileReference; lastKnownFileType = sourcecode.swift; path = HomeViewController.swift; sourceTree = "<group>"; };
		6D6B9EE9288FDB8B00C5B51F /* HomeViewController.xib */ = {isa = PBXFileReference; lastKnownFileType = file.xib; path = HomeViewController.xib; sourceTree = "<group>"; };
		6D6B9EEC288FDE6200C5B51F /* Extension.swift */ = {isa = PBXFileReference; fileEncoding = 4; lastKnownFileType = sourcecode.swift; path = Extension.swift; sourceTree = "<group>"; };
		FFF022EBE8319A5C57C542CB /* Pods-HomeWork Api.release.xcconfig */ = {isa = PBXFileReference; includeInIndex = 1; lastKnownFileType = text.xcconfig; name = "Pods-HomeWork Api.release.xcconfig"; path = "Target Support Files/Pods-HomeWork Api/Pods-HomeWork Api.release.xcconfig"; sourceTree = "<group>"; };
/* End PBXFileReference section */

/* Begin PBXFrameworksBuildPhase section */
		6D6B9ECE288FDB5200C5B51F /* Frameworks */ = {
			isa = PBXFrameworksBuildPhase;
			buildActionMask = 2147483647;
			files = (
				1C598E1D1EC05F4AD2063F25 /* Pods_HomeWork_Api.framework in Frameworks */,
			);
			runOnlyForDeploymentPostprocessing = 0;
		};
/* End PBXFrameworksBuildPhase section */

/* Begin PBXGroup section */
		101396E1246985350B16CABF /* Pods */ = {
			isa = PBXGroup;
			children = (
				4F890302FFBA8FACC492084B /* Pods-HomeWork Api.debug.xcconfig */,
				FFF022EBE8319A5C57C542CB /* Pods-HomeWork Api.release.xcconfig */,
			);
			path = Pods;
			sourceTree = "<group>";
		};
		6D4102FF289011EE007C3043 /* Screen */ = {
			isa = PBXGroup;
			children = (
				6D4103042890125F007C3043 /* DetailVC */,
				6D410300289011F9007C3043 /* HomeVC */,
				6D4103012890120C007C3043 /* Cell */,
			);
			path = Screen;
			sourceTree = "<group>";
		};
		6D410300289011F9007C3043 /* HomeVC */ = {
			isa = PBXGroup;
			children = (
				6D6B9EE8288FDB8B00C5B51F /* HomeViewController.swift */,
				6D6B9EE9288FDB8B00C5B51F /* HomeViewController.xib */,
			);
			path = HomeVC;
			sourceTree = "<group>";
		};
		6D4103012890120C007C3043 /* Cell */ = {
			isa = PBXGroup;
			children = (
				6D4102F9288FEAFB007C3043 /* PhimCell.swift */,
				6D4102FA288FEAFB007C3043 /* PhimCell.xib */,
			);
			path = Cell;
			sourceTree = "<group>";
		};
		6D41030228901223007C3043 /* Extension */ = {
			isa = PBXGroup;
			children = (
				6D6B9EEC288FDE6200C5B51F /* Extension.swift */,
			);
			path = Extension;
			sourceTree = "<group>";
		};
		6D41030328901244007C3043 /* Model */ = {
			isa = PBXGroup;
			children = (
				6D4102FD288FF36E007C3043 /* Phim.swift */,
			);
			path = Model;
			sourceTree = "<group>";
		};
		6D4103042890125F007C3043 /* DetailVC */ = {
			isa = PBXGroup;
			children = (
				6D4103052890129E007C3043 /* DetailViewController.swift */,
				6D4103062890129E007C3043 /* DetailViewController.xib */,
			);
			path = DetailVC;
			sourceTree = "<group>";
		};
		6D6B9EC8288FDB5200C5B51F = {
			isa = PBXGroup;
			children = (
				6D6B9ED3288FDB5200C5B51F /* HomeWork Api */,
				6D6B9ED2288FDB5200C5B51F /* Products */,
				101396E1246985350B16CABF /* Pods */,
				FAE8DC8D8DFDDB8ABC9C419E /* Frameworks */,
			);
			sourceTree = "<group>";
		};
		6D6B9ED2288FDB5200C5B51F /* Products */ = {
			isa = PBXGroup;
			children = (
				6D6B9ED1288FDB5200C5B51F /* HomeWork Api.app */,
			);
			name = Products;
			sourceTree = "<group>";
		};
		6D6B9ED3288FDB5200C5B51F /* HomeWork Api */ = {
			isa = PBXGroup;
			children = (
				6D6B9EE2288FDB5300C5B51F /* Info.plist */,
				6D6B9ED4288FDB5200C5B51F /* AppDelegate.swift */,
				6D6B9ED6288FDB5200C5B51F /* SceneDelegate.swift */,
				6D6B9EDD288FDB5300C5B51F /* Assets.xcassets */,
				6D6B9EDF288FDB5300C5B51F /* LaunchScreen.storyboard */,
				6D41030228901223007C3043 /* Extension */,
				6D4102FF289011EE007C3043 /* Screen */,
				6D41030328901244007C3043 /* Model */,
			);
			path = "HomeWork Api";
			sourceTree = "<group>";
		};
		FAE8DC8D8DFDDB8ABC9C419E /* Frameworks */ = {
			isa = PBXGroup;
			children = (
				3CCD0E8F9DFF069526B03883 /* Pods_HomeWork_Api.framework */,
			);
			name = Frameworks;
			sourceTree = "<group>";
		};
/* End PBXGroup section */

/* Begin PBXNativeTarget section */
		6D6B9ED0288FDB5200C5B51F /* HomeWork Api */ = {
			isa = PBXNativeTarget;
			buildConfigurationList = 6D6B9EE5288FDB5300C5B51F /* Build configuration list for PBXNativeTarget "HomeWork Api" */;
			buildPhases = (
				67F4CA316A74D3298532A9F9 /* [CP] Check Pods Manifest.lock */,
				6D6B9ECD288FDB5200C5B51F /* Sources */,
				6D6B9ECE288FDB5200C5B51F /* Frameworks */,
				6D6B9ECF288FDB5200C5B51F /* Resources */,
				293239AE34800ED86FD4591E /* [CP] Embed Pods Frameworks */,
			);
			buildRules = (
			);
			dependencies = (
			);
			name = "HomeWork Api";
			productName = "HomeWork Api";
			productReference = 6D6B9ED1288FDB5200C5B51F /* HomeWork Api.app */;
			productType = "com.apple.product-type.application";
		};
/* End PBXNativeTarget section */

/* Begin PBXProject section */
		6D6B9EC9288FDB5200C5B51F /* Project object */ = {
			isa = PBXProject;
			attributes = {
				BuildIndependentTargetsInParallel = 1;
				LastSwiftUpdateCheck = 1340;
				LastUpgradeCheck = 1340;
				TargetAttributes = {
					6D6B9ED0288FDB5200C5B51F = {
						CreatedOnToolsVersion = 13.4;
					};
				};
			};
			buildConfigurationList = 6D6B9ECC288FDB5200C5B51F /* Build configuration list for PBXProject "HomeWork Api" */;
			compatibilityVersion = "Xcode 13.0";
			developmentRegion = en;
			hasScannedForEncodings = 0;
			knownRegions = (
				en,
				Base,
			);
			mainGroup = 6D6B9EC8288FDB5200C5B51F;
			productRefGroup = 6D6B9ED2288FDB5200C5B51F /* Products */;
			projectDirPath = "";
			projectRoot = "";
			targets = (
				6D6B9ED0288FDB5200C5B51F /* HomeWork Api */,
			);
		};
/* End PBXProject section */

/* Begin PBXResourcesBuildPhase section */
		6D6B9ECF288FDB5200C5B51F /* Resources */ = {
			isa = PBXResourcesBuildPhase;
			buildActionMask = 2147483647;
			files = (
				6D6B9EE1288FDB5300C5B51F /* LaunchScreen.storyboard in Resources */,
				6D6B9EDE288FDB5300C5B51F /* Assets.xcassets in Resources */,
				6D4103082890129E007C3043 /* DetailViewController.xib in Resources */,
				6D6B9EEB288FDB8B00C5B51F /* HomeViewController.xib in Resources */,
				6D4102FC288FEAFB007C3043 /* PhimCell.xib in Resources */,
			);
			runOnlyForDeploymentPostprocessing = 0;
		};
/* End PBXResourcesBuildPhase section */

/* Begin PBXShellScriptBuildPhase section */
		293239AE34800ED86FD4591E /* [CP] Embed Pods Frameworks */ = {
			isa = PBXShellScriptBuildPhase;
			buildActionMask = 2147483647;
			files = (
			);
			inputFileListPaths = (
				"${PODS_ROOT}/Target Support Files/Pods-HomeWork Api/Pods-HomeWork Api-frameworks-${CONFIGURATION}-input-files.xcfilelist",
			);
			name = "[CP] Embed Pods Frameworks";
			outputFileListPaths = (
				"${PODS_ROOT}/Target Support Files/Pods-HomeWork Api/Pods-HomeWork Api-frameworks-${CONFIGURATION}-output-files.xcfilelist",
			);
			runOnlyForDeploymentPostprocessing = 0;
			shellPath = /bin/sh;
			shellScript = "\"${PODS_ROOT}/Target Support Files/Pods-HomeWork Api/Pods-HomeWork Api-frameworks.sh\"\n";
			showEnvVarsInLog = 0;
		};
		67F4CA316A74D3298532A9F9 /* [CP] Check Pods Manifest.lock */ = {
			isa = PBXShellScriptBuildPhase;
			buildActionMask = 2147483647;
			files = (
			);
			inputFileListPaths = (
			);
			inputPaths = (
				"${PODS_PODFILE_DIR_PATH}/Podfile.lock",
				"${PODS_ROOT}/Manifest.lock",
			);
			name = "[CP] Check Pods Manifest.lock";
			outputFileListPaths = (
			);
			outputPaths = (
				"$(DERIVED_FILE_DIR)/Pods-HomeWork Api-checkManifestLockResult.txt",
			);
			runOnlyForDeploymentPostprocessing = 0;
			shellPath = /bin/sh;
			shellScript = "diff \"${PODS_PODFILE_DIR_PATH}/Podfile.lock\" \"${PODS_ROOT}/Manifest.lock\" > /dev/null\nif [ $? != 0 ] ; then\n    # print error to STDERR\n    echo \"error: The sandbox is not in sync with the Podfile.lock. Run 'pod install' or update your CocoaPods installation.\" >&2\n    exit 1\nfi\n# This output is used by Xcode 'outputs' to avoid re-running this script phase.\necho \"SUCCESS\" > \"${SCRIPT_OUTPUT_FILE_0}\"\n";
			showEnvVarsInLog = 0;
		};
/* End PBXShellScriptBuildPhase section */

/* Begin PBXSourcesBuildPhase section */
		6D6B9ECD288FDB5200C5B51F /* Sources */ = {
			isa = PBXSourcesBuildPhase;
			buildActionMask = 2147483647;
			files = (
				6D6B9ED5288FDB5200C5B51F /* AppDelegate.swift in Sources */,
				6D4102FE288FF36E007C3043 /* Phim.swift in Sources */,
				6D4102FB288FEAFB007C3043 /* PhimCell.swift in Sources */,
				6D6B9ED7288FDB5200C5B51F /* SceneDelegate.swift in Sources */,
				6D6B9EEA288FDB8B00C5B51F /* HomeViewController.swift in Sources */,
				6D6B9EED288FDE6200C5B51F /* Extension.swift in Sources */,
				6D4103072890129E007C3043 /* DetailViewController.swift in Sources */,
			);
			runOnlyForDeploymentPostprocessing = 0;
		};
/* End PBXSourcesBuildPhase section */

/* Begin PBXVariantGroup section */
		6D6B9EDF288FDB5300C5B51F /* LaunchScreen.storyboard */ = {
			isa = PBXVariantGroup;
			children = (
				6D6B9EE0288FDB5300C5B51F /* Base */,
			);
			name = LaunchScreen.storyboard;
			sourceTree = "<group>";
		};
/* End PBXVariantGroup section */

/* Begin XCBuildConfiguration section */
		6D6B9EE3288FDB5300C5B51F /* Debug */ = {
			isa = XCBuildConfiguration;
			buildSettings = {
				ALWAYS_SEARCH_USER_PATHS = NO;
				CLANG_ANALYZER_NONNULL = YES;
				CLANG_ANALYZER_NUMBER_OBJECT_CONVERSION = YES_AGGRESSIVE;
				CLANG_CXX_LANGUAGE_STANDARD = "gnu++17";
				CLANG_ENABLE_MODULES = YES;
				CLANG_ENABLE_OBJC_ARC = YES;
				CLANG_ENABLE_OBJC_WEAK = YES;
				CLANG_WARN_BLOCK_CAPTURE_AUTORELEASING = YES;
				CLANG_WARN_BOOL_CONVERSION = YES;
				CLANG_WARN_COMMA = YES;
				CLANG_WARN_CONSTANT_CONVERSION = YES;
				CLANG_WARN_DEPRECATED_OBJC_IMPLEMENTATIONS = YES;
				CLANG_WARN_DIRECT_OBJC_ISA_USAGE = YES_ERROR;
				CLANG_WARN_DOCUMENTATION_COMMENTS = YES;
				CLANG_WARN_EMPTY_BODY = YES;
				CLANG_WARN_ENUM_CONVERSION = YES;
				CLANG_WARN_INFINITE_RECURSION = YES;
				CLANG_WARN_INT_CONVERSION = YES;
				CLANG_WARN_NON_LITERAL_NULL_CONVERSION = YES;
				CLANG_WARN_OBJC_IMPLICIT_RETAIN_SELF = YES;
				CLANG_WARN_OBJC_LITERAL_CONVERSION = YES;
				CLANG_WARN_OBJC_ROOT_CLASS = YES_ERROR;
				CLANG_WARN_QUOTED_INCLUDE_IN_FRAMEWORK_HEADER = YES;
				CLANG_WARN_RANGE_LOOP_ANALYSIS = YES;
				CLANG_WARN_STRICT_PROTOTYPES = YES;
				CLANG_WARN_SUSPICIOUS_MOVE = YES;
				CLANG_WARN_UNGUARDED_AVAILABILITY = YES_AGGRESSIVE;
				CLANG_WARN_UNREACHABLE_CODE = YES;
				CLANG_WARN__DUPLICATE_METHOD_MATCH = YES;
				COPY_PHASE_STRIP = NO;
				DEBUG_INFORMATION_FORMAT = dwarf;
				ENABLE_STRICT_OBJC_MSGSEND = YES;
				ENABLE_TESTABILITY = YES;
				GCC_C_LANGUAGE_STANDARD = gnu11;
				GCC_DYNAMIC_NO_PIC = NO;
				GCC_NO_COMMON_BLOCKS = YES;
				GCC_OPTIMIZATION_LEVEL = 0;
				GCC_PREPROCESSOR_DEFINITIONS = (
					"DEBUG=1",
					"$(inherited)",
				);
				GCC_WARN_64_TO_32_BIT_CONVERSION = YES;
				GCC_WARN_ABOUT_RETURN_TYPE = YES_ERROR;
				GCC_WARN_UNDECLARED_SELECTOR = YES;
				GCC_WARN_UNINITIALIZED_AUTOS = YES_AGGRESSIVE;
				GCC_WARN_UNUSED_FUNCTION = YES;
				GCC_WARN_UNUSED_VARIABLE = YES;
				IPHONEOS_DEPLOYMENT_TARGET = 15.5;
				MTL_ENABLE_DEBUG_INFO = INCLUDE_SOURCE;
				MTL_FAST_MATH = YES;
				ONLY_ACTIVE_ARCH = YES;
				SDKROOT = iphoneos;
				SWIFT_ACTIVE_COMPILATION_CONDITIONS = DEBUG;
				SWIFT_OPTIMIZATION_LEVEL = "-Onone";
			};
			name = Debug;
		};
		6D6B9EE4288FDB5300C5B51F /* Release */ = {
			isa = XCBuildConfiguration;
			buildSettings = {
				ALWAYS_SEARCH_USER_PATHS = NO;
				CLANG_ANALYZER_NONNULL = YES;
				CLANG_ANALYZER_NUMBER_OBJECT_CONVERSION = YES_AGGRESSIVE;
				CLANG_CXX_LANGUAGE_STANDARD = "gnu++17";
				CLANG_ENABLE_MODULES = YES;
				CLANG_ENABLE_OBJC_ARC = YES;
				CLANG_ENABLE_OBJC_WEAK = YES;
				CLANG_WARN_BLOCK_CAPTURE_AUTORELEASING = YES;
				CLANG_WARN_BOOL_CONVERSION = YES;
				CLANG_WARN_COMMA = YES;
				CLANG_WARN_CONSTANT_CONVERSION = YES;
				CLANG_WARN_DEPRECATED_OBJC_IMPLEMENTATIONS = YES;
				CLANG_WARN_DIRECT_OBJC_ISA_USAGE = YES_ERROR;
				CLANG_WARN_DOCUMENTATION_COMMENTS = YES;
				CLANG_WARN_EMPTY_BODY = YES;
				CLANG_WARN_ENUM_CONVERSION = YES;
				CLANG_WARN_INFINITE_RECURSION = YES;
				CLANG_WARN_INT_CONVERSION = YES;
				CLANG_WARN_NON_LITERAL_NULL_CONVERSION = YES;
				CLANG_WARN_OBJC_IMPLICIT_RETAIN_SELF = YES;
				CLANG_WARN_OBJC_LITERAL_CONVERSION = YES;
				CLANG_WARN_OBJC_ROOT_CLASS = YES_ERROR;
				CLANG_WARN_QUOTED_INCLUDE_IN_FRAMEWORK_HEADER = YES;
				CLANG_WARN_RANGE_LOOP_ANALYSIS = YES;
				CLANG_WARN_STRICT_PROTOTYPES = YES;
				CLANG_WARN_SUSPICIOUS_MOVE = YES;
				CLANG_WARN_UNGUARDED_AVAILABILITY = YES_AGGRESSIVE;
				CLANG_WARN_UNREACHABLE_CODE = YES;
				CLANG_WARN__DUPLICATE_METHOD_MATCH = YES;
				COPY_PHASE_STRIP = NO;
				DEBUG_INFORMATION_FORMAT = "dwarf-with-dsym";
				ENABLE_NS_ASSERTIONS = NO;
				ENABLE_STRICT_OBJC_MSGSEND = YES;
				GCC_C_LANGUAGE_STANDARD = gnu11;
				GCC_NO_COMMON_BLOCKS = YES;
				GCC_WARN_64_TO_32_BIT_CONVERSION = YES;
				GCC_WARN_ABOUT_RETURN_TYPE = YES_ERROR;
				GCC_WARN_UNDECLARED_SELECTOR = YES;
				GCC_WARN_UNINITIALIZED_AUTOS = YES_AGGRESSIVE;
				GCC_WARN_UNUSED_FUNCTION = YES;
				GCC_WARN_UNUSED_VARIABLE = YES;
				IPHONEOS_DEPLOYMENT_TARGET = 15.5;
				MTL_ENABLE_DEBUG_INFO = NO;
				MTL_FAST_MATH = YES;
				SDKROOT = iphoneos;
				SWIFT_COMPILATION_MODE = wholemodule;
				SWIFT_OPTIMIZATION_LEVEL = "-O";
				VALIDATE_PRODUCT = YES;
			};
			name = Release;
		};
		6D6B9EE6288FDB5300C5B51F /* Debug */ = {
			isa = XCBuildConfiguration;
			baseConfigurationReference = 4F890302FFBA8FACC492084B /* Pods-HomeWork Api.debug.xcconfig */;
			buildSettings = {
				ASSETCATALOG_COMPILER_APPICON_NAME = AppIcon;
				ASSETCATALOG_COMPILER_GLOBAL_ACCENT_COLOR_NAME = AccentColor;
				CODE_SIGN_STYLE = Automatic;
				CURRENT_PROJECT_VERSION = 1;
				DEVELOPMENT_TEAM = T2WXFJUUW7;
				GENERATE_INFOPLIST_FILE = YES;
				INFOPLIST_FILE = "HomeWork Api/Info.plist";
				INFOPLIST_KEY_UIApplicationSupportsIndirectInputEvents = YES;
				INFOPLIST_KEY_UILaunchStoryboardName = LaunchScreen;
				INFOPLIST_KEY_UISupportedInterfaceOrientations_iPad = "UIInterfaceOrientationPortrait UIInterfaceOrientationPortraitUpsideDown UIInterfaceOrientationLandscapeLeft UIInterfaceOrientationLandscapeRight";
				INFOPLIST_KEY_UISupportedInterfaceOrientations_iPhone = "UIInterfaceOrientationPortrait UIInterfaceOrientationLandscapeLeft UIInterfaceOrientationLandscapeRight";
				IPHONEOS_DEPLOYMENT_TARGET = 14.0;
				LD_RUNPATH_SEARCH_PATHS = (
					"$(inherited)",
					"@executable_path/Frameworks",
				);
				MARKETING_VERSION = 1.0;
				PRODUCT_BUNDLE_IDENTIFIER = "VuNamHa.HomeWork-Api";
				PRODUCT_NAME = "$(TARGET_NAME)";
				SWIFT_EMIT_LOC_STRINGS = YES;
				SWIFT_VERSION = 5.0;
				TARGETED_DEVICE_FAMILY = "1,2";
			};
			name = Debug;
		};
		6D6B9EE7288FDB5300C5B51F /* Release */ = {
			isa = XCBuildConfiguration;
			baseConfigurationReference = FFF022EBE8319A5C57C542CB /* Pods-HomeWork Api.release.xcconfig */;
			buildSettings = {
				ASSETCATALOG_COMPILER_APPICON_NAME = AppIcon;
				ASSETCATALOG_COMPILER_GLOBAL_ACCENT_COLOR_NAME = AccentColor;
				CODE_SIGN_STYLE = Automatic;
				CURRENT_PROJECT_VERSION = 1;
				DEVELOPMENT_TEAM = T2WXFJUUW7;
				GENERATE_INFOPLIST_FILE = YES;
				INFOPLIST_FILE = "HomeWork Api/Info.plist";
				INFOPLIST_KEY_UIApplicationSupportsIndirectInputEvents = YES;
				INFOPLIST_KEY_UILaunchStoryboardName = LaunchScreen;
				INFOPLIST_KEY_UISupportedInterfaceOrientations_iPad = "UIInterfaceOrientationPortrait UIInterfaceOrientationPortraitUpsideDown UIInterfaceOrientationLandscapeLeft UIInterfaceOrientationLandscapeRight";
				INFOPLIST_KEY_UISupportedInterfaceOrientations_iPhone = "UIInterfaceOrientationPortrait UIInterfaceOrientationLandscapeLeft UIInterfaceOrientationLandscapeRight";
				IPHONEOS_DEPLOYMENT_TARGET = 14.0;
				LD_RUNPATH_SEARCH_PATHS = (
					"$(inherited)",
					"@executable_path/Frameworks",
				);
				MARKETING_VERSION = 1.0;
				PRODUCT_BUNDLE_IDENTIFIER = "VuNamHa.HomeWork-Api";
				PRODUCT_NAME = "$(TARGET_NAME)";
				SWIFT_EMIT_LOC_STRINGS = YES;
				SWIFT_VERSION = 5.0;
				TARGETED_DEVICE_FAMILY = "1,2";
			};
			name = Release;
		};
/* End XCBuildConfiguration section */

/* Begin XCConfigurationList section */
		6D6B9ECC288FDB5200C5B51F /* Build configuration list for PBXProject "HomeWork Api" */ = {
			isa = XCConfigurationList;
			buildConfigurations = (
				6D6B9EE3288FDB5300C5B51F /* Debug */,
				6D6B9EE4288FDB5300C5B51F /* Release */,
			);
			defaultConfigurationIsVisible = 0;
			defaultConfigurationName = Release;
		};
		6D6B9EE5288FDB5300C5B51F /* Build configuration list for PBXNativeTarget "HomeWork Api" */ = {
			isa = XCConfigurationList;
			buildConfigurations = (
				6D6B9EE6288FDB5300C5B51F /* Debug */,
				6D6B9EE7288FDB5300C5B51F /* Release */,
			);
			defaultConfigurationIsVisible = 0;
			defaultConfigurationName = Release;
		};
/* End XCConfigurationList section */
	};
	rootObject = 6D6B9EC9288FDB5200C5B51F /* Project object */;
}
